
Microsoft Visual Studio Solution File, Format Version 12.00
# Visual Studio 2012
Project("{8BC9CEB8-8B4A-11D0-8D11-00A0C91BC942}") = "Example-1", "Example-1\Example-1.vcxproj", "{28E68DF6-C7B7-4BF7-8AC6-FB828A3A2571}"
EndProject
Global
	GlobalSection(SolutionConfigurationPlatforms) = preSolution
		Debug|Win32 = Debug|Win32
		Release|Win32 = Release|Win32
		UnicodeDebug|Win32 = UnicodeDebug|Win32
		UnicodeRelease|Win32 = UnicodeRelease|Win32
	EndGlobalSection
	GlobalSection(ProjectConfigurationPlatforms) = postSolution
		{28E68DF6-C7B7-4BF7-8AC6-FB828A3A2571}.Debug|Win32.ActiveCfg = Debug|Win32
		{28E68DF6-C7B7-4BF7-8AC6-FB828A3A2571}.Debug|Win32.Build.0 = Debug|Win32
		{28E68DF6-C7B7-4BF7-8AC6-FB828A3A2571}.Release|Win32.ActiveCfg = Release|Win32
		{28E68DF6-C7B7-4BF7-8AC6-FB828A3A2571}.Release|Win32.Build.0 = Release|Win32
		{28E68DF6-C7B7-4BF7-8AC6-FB828A3A2571}.UnicodeDebug|Win32.ActiveCfg = Debug|Win32
		{28E68DF6-C7B7-4BF7-8AC6-FB828A3A2571}.UnicodeDebug|Win32.Build.0 = Debug|Win32
		{28E68DF6-C7B7-4BF7-8AC6-FB828A3A2571}.UnicodeRelease|Win32.ActiveCfg = Release|Win32
		{28E68DF6-C7B7-4BF7-8AC6-FB828A3A2571}.UnicodeRelease|Win32.Build.0 = Release|Win32
	EndGlobalSection
	GlobalSection(SolutionProperties) = preSolution
		HideSolutionNode = FALSE
	EndGlobalSection
EndGlobal
